
Microsoft Visual Studio Solution File, Format Version 12.00
# Visual Studio Version 16
VisualStudioVersion = 16.0.29001.49
MinimumVisualStudioVersion = 10.0.40219.1
Project("{FAE04EC0-301F-11D3-BF4B-00C04F79EFBC}") = "AdresseBelgique", "AdresseBelgique\AdresseBelgique.csproj", "{8C7CEB92-4B22-40C4-A434-E4E4DA4BACE5}"
EndProject
Project("{FAE04EC0-301F-11D3-BF4B-00C04F79EFBC}") = "test", "test\test.csproj", "{E9B318DD-8689-4C2A-9586-81F280A0B372}"
EndProject
Global
	GlobalSection(SolutionConfigurationPlatforms) = preSolution
		Debug|Any CPU = Debug|Any CPU
		Release|Any CPU = Release|Any CPU
	EndGlobalSection
	GlobalSection(ProjectConfigurationPlatforms) = postSolution
		{8C7CEB92-4B22-40C4-A434-E4E4DA4BACE5}.Debug|Any CPU.ActiveCfg = Debug|Any CPU
		{8C7CEB92-4B22-40C4-A434-E4E4DA4BACE5}.Debug|Any CPU.Build.0 = Debug|Any CPU
		{8C7CEB92-4B22-40C4-A434-E4E4DA4BACE5}.Release|Any CPU.ActiveCfg = Release|Any CPU
		{8C7CEB92-4B22-40C4-A434-E4E4DA4BACE5}.Release|Any CPU.Build.0 = Release|Any CPU
		{E9B318DD-8689-4C2A-9586-81F280A0B372}.Debug|Any CPU.ActiveCfg = Debug|Any CPU
		{E9B318DD-8689-4C2A-9586-81F280A0B372}.Debug|Any CPU.Build.0 = Debug|Any CPU
		{E9B318DD-8689-4C2A-9586-81F280A0B372}.Release|Any CPU.ActiveCfg = Release|Any CPU
		{E9B318DD-8689-4C2A-9586-81F280A0B372}.Release|Any CPU.Build.0 = Release|Any CPU
	EndGlobalSection
	GlobalSection(SolutionProperties) = preSolution
		HideSolutionNode = FALSE
	EndGlobalSection
	GlobalSection(ExtensibilityGlobals) = postSolution
		SolutionGuid = {AB9F3439-4AF3-49F5-B07B-FA5AF3CAE74F}
	EndGlobalSection
EndGlobal
